// !$*UTF8*$!
{
	archiveVersion = 1;
	classes = {
	};
	objectVersion = 46;
	objects = {

/* Begin PBXBuildFile section */
		000B5501142FEA870076F5A1 /* OpenCV.framework in Frameworks */ = {isa = PBXBuildFile; fileRef = 000B5500142FEA870076F5A1 /* OpenCV.framework */; };
		00427A44142B956600E5019E /* UIKit.framework in Frameworks */ = {isa = PBXBuildFile; fileRef = 00427A43142B956600E5019E /* UIKit.framework */; };
		00427A46142B956600E5019E /* Foundation.framework in Frameworks */ = {isa = PBXBuildFile; fileRef = 00427A45142B956600E5019E /* Foundation.framework */; };
		00427A48142B956600E5019E /* CoreGraphics.framework in Frameworks */ = {isa = PBXBuildFile; fileRef = 00427A47142B956600E5019E /* CoreGraphics.framework */; };
		00427A4E142B956600E5019E /* InfoPlist.strings in Resources */ = {isa = PBXBuildFile; fileRef = 00427A4C142B956600E5019E /* InfoPlist.strings */; };
		00427A50142B956600E5019E /* main.m in Sources */ = {isa = PBXBuildFile; fileRef = 00427A4F142B956600E5019E /* main.m */; };
		00427A54142B956600E5019E /* AppDelegate.mm in Sources */ = {isa = PBXBuildFile; fileRef = 00427A53142B956600E5019E /* AppDelegate.mm */; };
		00427A57142B956600E5019E /* VideoCaptureViewController.mm in Sources */ = {isa = PBXBuildFile; fileRef = 00427A56142B956600E5019E /* VideoCaptureViewController.mm */; };
		00427A62142B960D00E5019E /* AVFoundation.framework in Frameworks */ = {isa = PBXBuildFile; fileRef = 00427A61142B960D00E5019E /* AVFoundation.framework */; };
		00427A64142B9A9700E5019E /* CoreMedia.framework in Frameworks */ = {isa = PBXBuildFile; fileRef = 00427A63142B9A9700E5019E /* CoreMedia.framework */; };
		00427A66142B9AEC00E5019E /* CoreVideo.framework in Frameworks */ = {isa = PBXBuildFile; fileRef = 00427A65142B9AEC00E5019E /* CoreVideo.framework */; };
		00DE37361430E806004993CC /* QuartzCore.framework in Frameworks */ = {isa = PBXBuildFile; fileRef = 00DE37351430E806004993CC /* QuartzCore.framework */; };
		00E53780142BE66400F30526 /* libz.dylib in Frameworks */ = {isa = PBXBuildFile; fileRef = 00E5377F142BE66300F30526 /* libz.dylib */; };
		00E53783142BE6D600F30526 /* UIImage+OpenCV.mm in Sources */ = {isa = PBXBuildFile; fileRef = 00E53782142BE6D600F30526 /* UIImage+OpenCV.mm */; };
		00E53787142BFEE600F30526 /* DemoVideoCaptureViewController.mm in Sources */ = {isa = PBXBuildFile; fileRef = 00E53785142BFEE600F30526 /* DemoVideoCaptureViewController.mm */; };
		00E53788142BFEE700F30526 /* DemoVideoCaptureViewController.xib in Resources */ = {isa = PBXBuildFile; fileRef = 00E53786142BFEE600F30526 /* DemoVideoCaptureViewController.xib */; };
		A9398D2F16AEEE50007CEA69 /* WDLAnimatedGIFView.m in Sources */ = {isa = PBXBuildFile; fileRef = A9398D2E16AEEE50007CEA69 /* WDLAnimatedGIFView.m */; };
		A9398D3416AEF4C0007CEA69 /* AnimatedGif.m in Sources */ = {isa = PBXBuildFile; fileRef = A9398D3316AEF4C0007CEA69 /* AnimatedGif.m */; };
		A9398D3616AEFB1D007CEA69 /* ImageIO.framework in Frameworks */ = {isa = PBXBuildFile; fileRef = A9398D3516AEFB1C007CEA69 /* ImageIO.framework */; };
		A9398D3E16AF0E75007CEA69 /* Icon.png in Resources */ = {isa = PBXBuildFile; fileRef = A9398D3C16AF0E75007CEA69 /* Icon.png */; };
		A9398D3F16AF0E75007CEA69 /* Icon@2x.png in Resources */ = {isa = PBXBuildFile; fileRef = A9398D3D16AF0E75007CEA69 /* Icon@2x.png */; };
		A9398D4416AF36EA007CEA69 /* CGCVHelpers.mm in Sources */ = {isa = PBXBuildFile; fileRef = A9398D4316AF36EA007CEA69 /* CGCVHelpers.mm */; };
		A96B01E116A9F7FE00DA73F4 /* Default-568h@2x.png in Resources */ = {isa = PBXBuildFile; fileRef = A96B01E016A9F7FE00DA73F4 /* Default-568h@2x.png */; };
		A96B01F216A9FBC400DA73F4 /* UTZVideoCaptureViewController.mm in Sources */ = {isa = PBXBuildFile; fileRef = A96B01F016A9FBC400DA73F4 /* UTZVideoCaptureViewController.mm */; };
		A96B01F316A9FBC400DA73F4 /* UTZVideoCaptureViewController.xib in Resources */ = {isa = PBXBuildFile; fileRef = A96B01F116A9FBC400DA73F4 /* UTZVideoCaptureViewController.xib */; };
		A96B01FA16AD991900DA73F4 /* MobileCoreServices.framework in Frameworks */ = {isa = PBXBuildFile; fileRef = A96B01F916AD991900DA73F4 /* MobileCoreServices.framework */; };
		A96B020016ADA9E500DA73F4 /* CoreImage.framework in Frameworks */ = {isa = PBXBuildFile; fileRef = A96B01FF16ADA9E400DA73F4 /* CoreImage.framework */; };
		A96B020B16ADCA4000DA73F4 /* test.png in Resources */ = {isa = PBXBuildFile; fileRef = A96B020A16ADCA4000DA73F4 /* test.png */; };
		A96B021816ADCCBD00DA73F4 /* CGGeometry.m in Sources */ = {isa = PBXBuildFile; fileRef = A96B021116ADCCBD00DA73F4 /* CGGeometry.m */; };
		A96B021916ADCCBD00DA73F4 /* NSObject+MiscHelpers.m in Sources */ = {isa = PBXBuildFile; fileRef = A96B021316ADCCBD00DA73F4 /* NSObject+MiscHelpers.m */; };
		A96B021A16ADCCBD00DA73F4 /* UIImage+INResizeImageAllocator.m in Sources */ = {isa = PBXBuildFile; fileRef = A96B021516ADCCBD00DA73F4 /* UIImage+INResizeImageAllocator.m */; };
		A96B021B16ADCCBD00DA73F4 /* UIImage+MGTint.m in Sources */ = {isa = PBXBuildFile; fileRef = A96B021716ADCCBD00DA73F4 /* UIImage+MGTint.m */; };
/* End PBXBuildFile section */

/* Begin PBXFileReference section */
		000B5500142FEA870076F5A1 /* OpenCV.framework */ = {isa = PBXFileReference; lastKnownFileType = wrapper.framework; path = OpenCV.framework; sourceTree = "<group>"; };
		00427A3F142B956600E5019E /* UTZ Cam.app */ = {isa = PBXFileReference; explicitFileType = wrapper.application; includeInIndex = 0; path = "UTZ Cam.app"; sourceTree = BUILT_PRODUCTS_DIR; };
		00427A43142B956600E5019E /* UIKit.framework */ = {isa = PBXFileReference; lastKnownFileType = wrapper.framework; name = UIKit.framework; path = System/Library/Frameworks/UIKit.framework; sourceTree = SDKROOT; };
		00427A45142B956600E5019E /* Foundation.framework */ = {isa = PBXFileReference; lastKnownFileType = wrapper.framework; name = Foundation.framework; path = System/Library/Frameworks/Foundation.framework; sourceTree = SDKROOT; };
		00427A47142B956600E5019E /* CoreGraphics.framework */ = {isa = PBXFileReference; lastKnownFileType = wrapper.framework; name = CoreGraphics.framework; path = System/Library/Frameworks/CoreGraphics.framework; sourceTree = SDKROOT; };
		00427A4B142B956600E5019E /* UTZ Cam-Info.plist */ = {isa = PBXFileReference; lastKnownFileType = text.plist.xml; path = "UTZ Cam-Info.plist"; sourceTree = "<group>"; };
		00427A4D142B956600E5019E /* en */ = {isa = PBXFileReference; lastKnownFileType = text.plist.strings; name = en; path = en.lproj/InfoPlist.strings; sourceTree = "<group>"; };
		00427A4F142B956600E5019E /* main.m */ = {isa = PBXFileReference; lastKnownFileType = sourcecode.c.objc; path = main.m; sourceTree = "<group>"; };
		00427A51142B956600E5019E /* UTZ Cam-Prefix.pch */ = {isa = PBXFileReference; lastKnownFileType = sourcecode.c.h; path = "UTZ Cam-Prefix.pch"; sourceTree = "<group>"; };
		00427A52142B956600E5019E /* AppDelegate.h */ = {isa = PBXFileReference; lastKnownFileType = sourcecode.c.h; path = AppDelegate.h; sourceTree = "<group>"; };
		00427A53142B956600E5019E /* AppDelegate.mm */ = {isa = PBXFileReference; lastKnownFileType = sourcecode.cpp.objcpp; path = AppDelegate.mm; sourceTree = "<group>"; };
		00427A55142B956600E5019E /* VideoCaptureViewController.h */ = {isa = PBXFileReference; lastKnownFileType = sourcecode.c.h; path = VideoCaptureViewController.h; sourceTree = "<group>"; };
		00427A56142B956600E5019E /* VideoCaptureViewController.mm */ = {isa = PBXFileReference; lastKnownFileType = sourcecode.cpp.objcpp; path = VideoCaptureViewController.mm; sourceTree = "<group>"; };
		00427A61142B960D00E5019E /* AVFoundation.framework */ = {isa = PBXFileReference; lastKnownFileType = wrapper.framework; name = AVFoundation.framework; path = System/Library/Frameworks/AVFoundation.framework; sourceTree = SDKROOT; };
		00427A63142B9A9700E5019E /* CoreMedia.framework */ = {isa = PBXFileReference; lastKnownFileType = wrapper.framework; name = CoreMedia.framework; path = System/Library/Frameworks/CoreMedia.framework; sourceTree = SDKROOT; };
		00427A65142B9AEC00E5019E /* CoreVideo.framework */ = {isa = PBXFileReference; lastKnownFileType = wrapper.framework; name = CoreVideo.framework; path = System/Library/Frameworks/CoreVideo.framework; sourceTree = SDKROOT; };
		0068464114339E2C000A8404 /* README.markdown */ = {isa = PBXFileReference; fileEncoding = 4; lastKnownFileType = text; name = README.markdown; path = ../README.markdown; sourceTree = "<group>"; };
		00DE37351430E806004993CC /* QuartzCore.framework */ = {isa = PBXFileReference; lastKnownFileType = wrapper.framework; name = QuartzCore.framework; path = System/Library/Frameworks/QuartzCore.framework; sourceTree = SDKROOT; };
		00E5377F142BE66300F30526 /* libz.dylib */ = {isa = PBXFileReference; lastKnownFileType = "compiled.mach-o.dylib"; name = libz.dylib; path = usr/lib/libz.dylib; sourceTree = SDKROOT; };
		00E53781142BE6D600F30526 /* UIImage+OpenCV.h */ = {isa = PBXFileReference; fileEncoding = 4; lastKnownFileType = sourcecode.c.h; path = "UIImage+OpenCV.h"; sourceTree = "<group>"; };
		00E53782142BE6D600F30526 /* UIImage+OpenCV.mm */ = {isa = PBXFileReference; fileEncoding = 4; lastKnownFileType = sourcecode.cpp.objcpp; path = "UIImage+OpenCV.mm"; sourceTree = "<group>"; };
		00E53784142BFEE600F30526 /* DemoVideoCaptureViewController.h */ = {isa = PBXFileReference; fileEncoding = 4; lastKnownFileType = sourcecode.c.h; path = DemoVideoCaptureViewController.h; sourceTree = "<group>"; };
		00E53785142BFEE600F30526 /* DemoVideoCaptureViewController.mm */ = {isa = PBXFileReference; fileEncoding = 4; lastKnownFileType = sourcecode.cpp.objcpp; path = DemoVideoCaptureViewController.mm; sourceTree = "<group>"; };
		00E53786142BFEE600F30526 /* DemoVideoCaptureViewController.xib */ = {isa = PBXFileReference; fileEncoding = 4; lastKnownFileType = file.xib; path = DemoVideoCaptureViewController.xib; sourceTree = "<group>"; };
		A9398D2D16AEEE50007CEA69 /* WDLAnimatedGIFView.h */ = {isa = PBXFileReference; fileEncoding = 4; lastKnownFileType = sourcecode.c.h; name = WDLAnimatedGIFView.h; path = ../WDLAnimatedGIFView.h; sourceTree = "<group>"; };
		A9398D2E16AEEE50007CEA69 /* WDLAnimatedGIFView.m */ = {isa = PBXFileReference; fileEncoding = 4; lastKnownFileType = sourcecode.c.objc; name = WDLAnimatedGIFView.m; path = ../WDLAnimatedGIFView.m; sourceTree = "<group>"; };
		A9398D3216AEF4C0007CEA69 /* AnimatedGif.h */ = {isa = PBXFileReference; fileEncoding = 4; lastKnownFileType = sourcecode.c.h; path = AnimatedGif.h; sourceTree = "<group>"; };
		A9398D3316AEF4C0007CEA69 /* AnimatedGif.m */ = {isa = PBXFileReference; fileEncoding = 4; lastKnownFileType = sourcecode.c.objc; path = AnimatedGif.m; sourceTree = "<group>"; };
		A9398D3516AEFB1C007CEA69 /* ImageIO.framework */ = {isa = PBXFileReference; lastKnownFileType = wrapper.framework; name = ImageIO.framework; path = System/Library/Frameworks/ImageIO.framework; sourceTree = SDKROOT; };
		A9398D3C16AF0E75007CEA69 /* Icon.png */ = {isa = PBXFileReference; lastKnownFileType = image.png; path = Icon.png; sourceTree = "<group>"; };
		A9398D3D16AF0E75007CEA69 /* Icon@2x.png */ = {isa = PBXFileReference; lastKnownFileType = image.png; path = "Icon@2x.png"; sourceTree = "<group>"; };
		A9398D4216AF36EA007CEA69 /* CGCVHelpers.h */ = {isa = PBXFileReference; fileEncoding = 4; lastKnownFileType = sourcecode.c.h; path = CGCVHelpers.h; sourceTree = "<group>"; };
		A9398D4316AF36EA007CEA69 /* CGCVHelpers.mm */ = {isa = PBXFileReference; fileEncoding = 4; lastKnownFileType = sourcecode.cpp.objcpp; path = CGCVHelpers.mm; sourceTree = "<group>"; };
		A96B01E016A9F7FE00DA73F4 /* Default-568h@2x.png */ = {isa = PBXFileReference; lastKnownFileType = image.png; path = "Default-568h@2x.png"; sourceTree = "<group>"; };
		A96B01EF16A9FBC400DA73F4 /* UTZVideoCaptureViewController.h */ = {isa = PBXFileReference; fileEncoding = 4; lastKnownFileType = sourcecode.c.h; path = UTZVideoCaptureViewController.h; sourceTree = "<group>"; };
		A96B01F016A9FBC400DA73F4 /* UTZVideoCaptureViewController.mm */ = {isa = PBXFileReference; fileEncoding = 4; lastKnownFileType = sourcecode.cpp.objcpp; path = UTZVideoCaptureViewController.mm; sourceTree = "<group>"; };
		A96B01F116A9FBC400DA73F4 /* UTZVideoCaptureViewController.xib */ = {isa = PBXFileReference; fileEncoding = 4; lastKnownFileType = file.xib; path = UTZVideoCaptureViewController.xib; sourceTree = "<group>"; };
		A96B01F916AD991900DA73F4 /* MobileCoreServices.framework */ = {isa = PBXFileReference; lastKnownFileType = wrapper.framework; name = MobileCoreServices.framework; path = System/Library/Frameworks/MobileCoreServices.framework; sourceTree = SDKROOT; };
		A96B01FF16ADA9E400DA73F4 /* CoreImage.framework */ = {isa = PBXFileReference; lastKnownFileType = wrapper.framework; name = CoreImage.framework; path = System/Library/Frameworks/CoreImage.framework; sourceTree = SDKROOT; };
		A96B020A16ADCA4000DA73F4 /* test.png */ = {isa = PBXFileReference; lastKnownFileType = image.png; path = test.png; sourceTree = "<group>"; };
		A96B021016ADCCBD00DA73F4 /* CGGeometry.h */ = {isa = PBXFileReference; fileEncoding = 4; lastKnownFileType = sourcecode.c.h; path = CGGeometry.h; sourceTree = "<group>"; };
		A96B021116ADCCBD00DA73F4 /* CGGeometry.m */ = {isa = PBXFileReference; fileEncoding = 4; lastKnownFileType = sourcecode.c.objc; path = CGGeometry.m; sourceTree = "<group>"; };
		A96B021216ADCCBD00DA73F4 /* NSObject+MiscHelpers.h */ = {isa = PBXFileReference; fileEncoding = 4; lastKnownFileType = sourcecode.c.h; path = "NSObject+MiscHelpers.h"; sourceTree = "<group>"; };
		A96B021316ADCCBD00DA73F4 /* NSObject+MiscHelpers.m */ = {isa = PBXFileReference; fileEncoding = 4; lastKnownFileType = sourcecode.c.objc; path = "NSObject+MiscHelpers.m"; sourceTree = "<group>"; };
		A96B021416ADCCBD00DA73F4 /* UIImage+INResizeImageAllocator.h */ = {isa = PBXFileReference; fileEncoding = 4; lastKnownFileType = sourcecode.c.h; path = "UIImage+INResizeImageAllocator.h"; sourceTree = "<group>"; };
		A96B021516ADCCBD00DA73F4 /* UIImage+INResizeImageAllocator.m */ = {isa = PBXFileReference; fileEncoding = 4; lastKnownFileType = sourcecode.c.objc; path = "UIImage+INResizeImageAllocator.m"; sourceTree = "<group>"; };
		A96B021616ADCCBD00DA73F4 /* UIImage+MGTint.h */ = {isa = PBXFileReference; fileEncoding = 4; lastKnownFileType = sourcecode.c.h; path = "UIImage+MGTint.h"; sourceTree = "<group>"; };
		A96B021716ADCCBD00DA73F4 /* UIImage+MGTint.m */ = {isa = PBXFileReference; fileEncoding = 4; lastKnownFileType = sourcecode.c.objc; path = "UIImage+MGTint.m"; sourceTree = "<group>"; };
/* End PBXFileReference section */

/* Begin PBXFrameworksBuildPhase section */
		00427A3C142B956600E5019E /* Frameworks */ = {
			isa = PBXFrameworksBuildPhase;
			buildActionMask = 2147483647;
			files = (
				A9398D3616AEFB1D007CEA69 /* ImageIO.framework in Frameworks */,
				A96B020016ADA9E500DA73F4 /* CoreImage.framework in Frameworks */,
				A96B01FA16AD991900DA73F4 /* MobileCoreServices.framework in Frameworks */,
				00DE37361430E806004993CC /* QuartzCore.framework in Frameworks */,
				00E53780142BE66400F30526 /* libz.dylib in Frameworks */,
				00427A66142B9AEC00E5019E /* CoreVideo.framework in Frameworks */,
				00427A64142B9A9700E5019E /* CoreMedia.framework in Frameworks */,
				00427A62142B960D00E5019E /* AVFoundation.framework in Frameworks */,
				00427A44142B956600E5019E /* UIKit.framework in Frameworks */,
				00427A46142B956600E5019E /* Foundation.framework in Frameworks */,
				00427A48142B956600E5019E /* CoreGraphics.framework in Frameworks */,
				000B5501142FEA870076F5A1 /* OpenCV.framework in Frameworks */,
			);
			runOnlyForDeploymentPostprocessing = 0;
		};
/* End PBXFrameworksBuildPhase section */

/* Begin PBXGroup section */
		000B551014326D2F0076F5A1 /* UIImage Additions */ = {
			isa = PBXGroup;
			children = (
				00E53781142BE6D600F30526 /* UIImage+OpenCV.h */,
				00E53782142BE6D600F30526 /* UIImage+OpenCV.mm */,
			);
			name = "UIImage Additions";
			path = FaceTracker;
			sourceTree = "<group>";
		};
		00427A34142B956500E5019E = {
			isa = PBXGroup;
			children = (
				A9398D3116AEF4C0007CEA69 /* Animated GIF */,
				A9398D4116AF0E89007CEA69 /* Assets */,
				00427A49142B956600E5019E /* FaceTracker */,
				00427A42142B956600E5019E /* Frameworks */,
				A9398D4016AF0E84007CEA69 /* Helpers */,
				00427A40142B956600E5019E /* Products */,
				00427A4A142B956600E5019E /* Supporting Files */,
			);
			sourceTree = "<group>";
		};
		00427A40142B956600E5019E /* Products */ = {
			isa = PBXGroup;
			children = (
				00427A3F142B956600E5019E /* UTZ Cam.app */,
			);
			name = Products;
			sourceTree = "<group>";
		};
		00427A42142B956600E5019E /* Frameworks */ = {
			isa = PBXGroup;
			children = (
				A9398D3516AEFB1C007CEA69 /* ImageIO.framework */,
				A96B01FF16ADA9E400DA73F4 /* CoreImage.framework */,
				00427A61142B960D00E5019E /* AVFoundation.framework */,
				00427A47142B956600E5019E /* CoreGraphics.framework */,
				00427A63142B9A9700E5019E /* CoreMedia.framework */,
				00427A65142B9AEC00E5019E /* CoreVideo.framework */,
				00427A45142B956600E5019E /* Foundation.framework */,
				00E5377F142BE66300F30526 /* libz.dylib */,
				A96B01F916AD991900DA73F4 /* MobileCoreServices.framework */,
				000B5500142FEA870076F5A1 /* OpenCV.framework */,
				00DE37351430E806004993CC /* QuartzCore.framework */,
				00427A43142B956600E5019E /* UIKit.framework */,
			);
			name = Frameworks;
			sourceTree = "<group>";
		};
		00427A49142B956600E5019E /* FaceTracker */ = {
			isa = PBXGroup;
			children = (
				00427A52142B956600E5019E /* AppDelegate.h */,
				00427A53142B956600E5019E /* AppDelegate.mm */,
				00E53784142BFEE600F30526 /* DemoVideoCaptureViewController.h */,
				00E53785142BFEE600F30526 /* DemoVideoCaptureViewController.mm */,
				00E53786142BFEE600F30526 /* DemoVideoCaptureViewController.xib */,
				A96B01EF16A9FBC400DA73F4 /* UTZVideoCaptureViewController.h */,
				A96B01F016A9FBC400DA73F4 /* UTZVideoCaptureViewController.mm */,
				A96B01F116A9FBC400DA73F4 /* UTZVideoCaptureViewController.xib */,
				00427A55142B956600E5019E /* VideoCaptureViewController.h */,
				00427A56142B956600E5019E /* VideoCaptureViewController.mm */,
			);
			path = FaceTracker;
			sourceTree = "<group>";
		};
		00427A4A142B956600E5019E /* Supporting Files */ = {
			isa = PBXGroup;
			children = (
				0068464114339E2C000A8404 /* README.markdown */,
				00427A4B142B956600E5019E /* UTZ Cam-Info.plist */,
				00427A4C142B956600E5019E /* InfoPlist.strings */,
				00427A4F142B956600E5019E /* main.m */,
				00427A51142B956600E5019E /* UTZ Cam-Prefix.pch */,
			);
			name = "Supporting Files";
			path = FaceTracker;
			sourceTree = "<group>";
		};
		A9398D3116AEF4C0007CEA69 /* Animated GIF */ = {
			isa = PBXGroup;
			children = (
				A9398D2D16AEEE50007CEA69 /* WDLAnimatedGIFView.h */,
				A9398D2E16AEEE50007CEA69 /* WDLAnimatedGIFView.m */,
				A9398D3216AEF4C0007CEA69 /* AnimatedGif.h */,
				A9398D3316AEF4C0007CEA69 /* AnimatedGif.m */,
			);
			path = "Animated GIF";
			sourceTree = "<group>";
		};
		A9398D4016AF0E84007CEA69 /* Helpers */ = {
			isa = PBXGroup;
			children = (
				000B551014326D2F0076F5A1 /* UIImage Additions */,
				A96B021416ADCCBD00DA73F4 /* UIImage+INResizeImageAllocator.h */,
				A96B021516ADCCBD00DA73F4 /* UIImage+INResizeImageAllocator.m */,
				A96B021616ADCCBD00DA73F4 /* UIImage+MGTint.h */,
				A96B021716ADCCBD00DA73F4 /* UIImage+MGTint.m */,
				A96B021216ADCCBD00DA73F4 /* NSObject+MiscHelpers.h */,
				A96B021316ADCCBD00DA73F4 /* NSObject+MiscHelpers.m */,
				A96B021016ADCCBD00DA73F4 /* CGGeometry.h */,
				A96B021116ADCCBD00DA73F4 /* CGGeometry.m */,
				A9398D4216AF36EA007CEA69 /* CGCVHelpers.h */,
				A9398D4316AF36EA007CEA69 /* CGCVHelpers.mm */,
			);
			name = Helpers;
			sourceTree = "<group>";
		};
		A9398D4116AF0E89007CEA69 /* Assets */ = {
			isa = PBXGroup;
			children = (
				A96B020A16ADCA4000DA73F4 /* test.png */,
				A96B01E016A9F7FE00DA73F4 /* Default-568h@2x.png */,
				A9398D3C16AF0E75007CEA69 /* Icon.png */,
				A9398D3D16AF0E75007CEA69 /* Icon@2x.png */,
			);
			name = Assets;
			sourceTree = "<group>";
		};
/* End PBXGroup section */

/* Begin PBXNativeTarget section */
		00427A3E142B956600E5019E /* UTZ Cam */ = {
			isa = PBXNativeTarget;
			buildConfigurationList = 00427A5D142B956600E5019E /* Build configuration list for PBXNativeTarget "UTZ Cam" */;
			buildPhases = (
				00427A3B142B956600E5019E /* Sources */,
				00427A3C142B956600E5019E /* Frameworks */,
				00427A3D142B956600E5019E /* Resources */,
			);
			buildRules = (
			);
			dependencies = (
			);
			name = "UTZ Cam";
			productName = VidTest;
			productReference = 00427A3F142B956600E5019E /* UTZ Cam.app */;
			productType = "com.apple.product-type.application";
		};
/* End PBXNativeTarget section */

/* Begin PBXProject section */
		00427A36142B956500E5019E /* Project object */ = {
			isa = PBXProject;
			attributes = {
				LastUpgradeCheck = 0450;
			};
			buildConfigurationList = 00427A39142B956500E5019E /* Build configuration list for PBXProject "UTZ Cam" */;
			compatibilityVersion = "Xcode 3.2";
			developmentRegion = English;
			hasScannedForEncodings = 0;
			knownRegions = (
				en,
			);
			mainGroup = 00427A34142B956500E5019E;
			productRefGroup = 00427A40142B956600E5019E /* Products */;
			projectDirPath = "";
			projectRoot = "";
			targets = (
				00427A3E142B956600E5019E /* UTZ Cam */,
			);
		};
/* End PBXProject section */

/* Begin PBXResourcesBuildPhase section */
		00427A3D142B956600E5019E /* Resources */ = {
			isa = PBXResourcesBuildPhase;
			buildActionMask = 2147483647;
			files = (
				00427A4E142B956600E5019E /* InfoPlist.strings in Resources */,
				00E53788142BFEE700F30526 /* DemoVideoCaptureViewController.xib in Resources */,
				A96B01E116A9F7FE00DA73F4 /* Default-568h@2x.png in Resources */,
				A96B01F316A9FBC400DA73F4 /* UTZVideoCaptureViewController.xib in Resources */,
				A96B020B16ADCA4000DA73F4 /* test.png in Resources */,
				A9398D3E16AF0E75007CEA69 /* Icon.png in Resources */,
				A9398D3F16AF0E75007CEA69 /* Icon@2x.png in Resources */,
			);
			runOnlyForDeploymentPostprocessing = 0;
		};
/* End PBXResourcesBuildPhase section */

/* Begin PBXSourcesBuildPhase section */
		00427A3B142B956600E5019E /* Sources */ = {
			isa = PBXSourcesBuildPhase;
			buildActionMask = 2147483647;
			files = (
				00427A50142B956600E5019E /* main.m in Sources */,
				A9398D4416AF36EA007CEA69 /* CGCVHelpers.mm in Sources */,
				00427A54142B956600E5019E /* AppDelegate.mm in Sources */,
				00427A57142B956600E5019E /* VideoCaptureViewController.mm in Sources */,
				00E53783142BE6D600F30526 /* UIImage+OpenCV.mm in Sources */,
				00E53787142BFEE600F30526 /* DemoVideoCaptureViewController.mm in Sources */,
				A96B01F216A9FBC400DA73F4 /* UTZVideoCaptureViewController.mm in Sources */,
				A96B021816ADCCBD00DA73F4 /* CGGeometry.m in Sources */,
				A96B021916ADCCBD00DA73F4 /* NSObject+MiscHelpers.m in Sources */,
				A96B021A16ADCCBD00DA73F4 /* UIImage+INResizeImageAllocator.m in Sources */,
				A96B021B16ADCCBD00DA73F4 /* UIImage+MGTint.m in Sources */,
				A9398D2F16AEEE50007CEA69 /* WDLAnimatedGIFView.m in Sources */,
				A9398D3416AEF4C0007CEA69 /* AnimatedGif.m in Sources */,
			);
			runOnlyForDeploymentPostprocessing = 0;
		};
/* End PBXSourcesBuildPhase section */

/* Begin PBXVariantGroup section */
		00427A4C142B956600E5019E /* InfoPlist.strings */ = {
			isa = PBXVariantGroup;
			children = (
				00427A4D142B956600E5019E /* en */,
			);
			name = InfoPlist.strings;
			sourceTree = "<group>";
		};
/* End PBXVariantGroup section */

/* Begin XCBuildConfiguration section */
		00427A5B142B956600E5019E /* Debug */ = {
			isa = XCBuildConfiguration;
			buildSettings = {
				ALWAYS_SEARCH_USER_PATHS = NO;
				ARCHS = "$(ARCHS_STANDARD_32_BIT)";
				"CODE_SIGN_IDENTITY[sdk=iphoneos*]" = "iPhone Developer";
				COPY_PHASE_STRIP = NO;
				GCC_C_LANGUAGE_STANDARD = gnu99;
				GCC_DYNAMIC_NO_PIC = NO;
				GCC_OPTIMIZATION_LEVEL = 0;
				GCC_PREPROCESSOR_DEFINITIONS = (
					"DEBUG=1",
					"$(inherited)",
				);
				GCC_SYMBOLS_PRIVATE_EXTERN = NO;
				GCC_VERSION = com.apple.compilers.llvm.clang.1_0;
				GCC_WARN_ABOUT_MISSING_PROTOTYPES = YES;
				GCC_WARN_ABOUT_RETURN_TYPE = YES;
				GCC_WARN_UNUSED_VARIABLE = YES;
				IPHONEOS_DEPLOYMENT_TARGET = 4.2;
				SDKROOT = iphoneos;
			};
			name = Debug;
		};
		00427A5C142B956600E5019E /* Release */ = {
			isa = XCBuildConfiguration;
			buildSettings = {
				ALWAYS_SEARCH_USER_PATHS = NO;
				ARCHS = "$(ARCHS_STANDARD_32_BIT)";
				"CODE_SIGN_IDENTITY[sdk=iphoneos*]" = "iPhone Developer";
				COPY_PHASE_STRIP = YES;
				GCC_C_LANGUAGE_STANDARD = gnu99;
				GCC_VERSION = com.apple.compilers.llvm.clang.1_0;
				GCC_WARN_ABOUT_MISSING_PROTOTYPES = YES;
				GCC_WARN_ABOUT_RETURN_TYPE = YES;
				GCC_WARN_UNUSED_VARIABLE = YES;
				IPHONEOS_DEPLOYMENT_TARGET = 4.2;
				OTHER_CFLAGS = "-DNS_BLOCK_ASSERTIONS=1";
				SDKROOT = iphoneos;
				VALIDATE_PRODUCT = YES;
			};
			name = Release;
		};
		00427A5E142B956600E5019E /* Debug */ = {
			isa = XCBuildConfiguration;
			buildSettings = {
				ARCHS = (
					armv6,
					armv7,
				);
				CLANG_ENABLE_OBJC_ARC = YES;
				FRAMEWORK_SEARCH_PATHS = (
					"$(inherited)",
					"\"$(SRCROOT)\"",
				);
				GCC_PRECOMPILE_PREFIX_HEADER = YES;
				GCC_PREFIX_HEADER = "FaceTracker/UTZ Cam-Prefix.pch";
				GCC_THUMB_SUPPORT = NO;
				INFOPLIST_FILE = "FaceTracker/UTZ Cam-Info.plist";
				IPHONEOS_DEPLOYMENT_TARGET = 4.2;
				PRODUCT_NAME = "UTZ Cam";
				WRAPPER_EXTENSION = app;
			};
			name = Debug;
		};
		00427A5F142B956600E5019E /* Release */ = {
			isa = XCBuildConfiguration;
			buildSettings = {
				ARCHS = (
					armv6,
					armv7,
				);
				CLANG_ENABLE_OBJC_ARC = YES;
				FRAMEWORK_SEARCH_PATHS = (
					"$(inherited)",
					"\"$(SRCROOT)\"",
				);
				GCC_PRECOMPILE_PREFIX_HEADER = YES;
				GCC_PREFIX_HEADER = "FaceTracker/UTZ Cam-Prefix.pch";
				GCC_THUMB_SUPPORT = NO;
				INFOPLIST_FILE = "FaceTracker/UTZ Cam-Info.plist";
				IPHONEOS_DEPLOYMENT_TARGET = 4.2;
				PRODUCT_NAME = "UTZ Cam";
				WRAPPER_EXTENSION = app;
			};
			name = Release;
		};
/* End XCBuildConfiguration section */

/* Begin XCConfigurationList section */
		00427A39142B956500E5019E /* Build configuration list for PBXProject "UTZ Cam" */ = {
			isa = XCConfigurationList;
			buildConfigurations = (
				00427A5B142B956600E5019E /* Debug */,
				00427A5C142B956600E5019E /* Release */,
			);
			defaultConfigurationIsVisible = 0;
			defaultConfigurationName = Release;
		};
		00427A5D142B956600E5019E /* Build configuration list for PBXNativeTarget "UTZ Cam" */ = {
			isa = XCConfigurationList;
			buildConfigurations = (
				00427A5E142B956600E5019E /* Debug */,
				00427A5F142B956600E5019E /* Release */,
			);
			defaultConfigurationIsVisible = 0;
			defaultConfigurationName = Release;
		};
/* End XCConfigurationList section */
	};
	rootObject = 00427A36142B956500E5019E /* Project object */;
}
